PODS:
  - AFNetworking (3.2.1):
    - AFNetworking/NSURLSession (= 3.2.1)
    - AFNetworking/Reachability (= 3.2.1)
    - AFNetworking/Security (= 3.2.1)
    - AFNetworking/Serialization (= 3.2.1)
    - AFNetworking/UIKit (= 3.2.1)
  - AFNetworking/NSURLSession (3.2.1):
    - AFNetworking/Reachability
    - AFNetworking/Security
    - AFNetworking/Serialization
  - AFNetworking/Reachability (3.2.1)
  - AFNetworking/Security (3.2.1)
  - AFNetworking/Serialization (3.2.1)
  - AFNetworking/UIKit (3.2.1):
    - AFNetworking/NSURLSession
  - AliyunOSSiOS (2.10.7)
  - AMap2DMap-NO-IDFA (5.6.1):
    - AMapFoundation-NO-IDFA (~> 1.4)
  - AMapFoundation-NO-IDFA (1.5.7)
  - AMapLocation-NO-IDFA (2.6.2):
    - AMapFoundation-NO-IDFA (~> 1.4)
  - AMapSearch-NO-IDFA (6.9.0):
    - AMapFoundation-NO-IDFA (~> 1.4)
  - Bugly (2.5.0)
  - FLAnimatedImage (1.0.12)
  - IQKeyboardManager (6.4.0)
  - JCore (2.1.1)
  - JPush (3.2.1):
    - JCore (< 3.0.0, >= 2.0.0)
  - JSONKit-NoWarning (1.2)
  - Masonry (1.1.0)
  - MJExtension (3.1.0)
  - MJRefresh (3.1.17)
  - PGDatePicker (2.6.9):
    - PGPickerView
  - PGPickerView (1.3.8)
  - Reachability (3.2)
  - ReactiveObjC (3.1.1)
  - RongCloudIM/IMKit (2.8.32):
    - RongCloudIM/IMLib
  - RongCloudIM/IMLib (2.8.32)
  - SDCycleScrollView (1.80):
    - SDWebImage (>= 5.0.0)
  - SDWebImage (5.0.6):
    - SDWebImage/Core (= 5.0.6)
  - SDWebImage/Core (5.0.6)
  - SVProgressHUD (2.2.5)
  - UMCAnalytics (6.0.5):
    - UMCCommon
  - UMCCommon (2.1.0)
  - UMCShare/Core (6.9.6):
    - UMCCommon
  - UMCShare/Social/ReducedWeChat (6.9.6):
    - UMCCommon
    - UMCShare/Core
  - YYModel (1.0.4)

DEPENDENCIES:
  - AFNetworking (~> 3.2.1)
  - AliyunOSSiOS
  - AMap2DMap-NO-IDFA
  - AMapLocation-NO-IDFA
  - AMapSearch-NO-IDFA
  - Bugly
  - FLAnimatedImage (~> 1.0.12)
  - IQKeyboardManager
  - JPush
  - JSONKit-NoWarning (~> 1.2)
  - Masonry (~> 1.1.0)
  - MJExtension
  - MJRefresh (~> 3.1.16)
  - PGDatePicker
  - Reachability (~> 3.2)
  - ReactiveObjC (~> 3.1.0)
  - RongCloudIM/IMKit (~> 2.8.3)
  - RongCloudIM/IMLib (~> 2.8.3)
  - SDCycleScrollView (~> 1.75)
  - SDWebImage
  - SVProgressHUD (~> 2.2.5)
  - UMCAnalytics
  - UMCCommon
  - UMCShare/Social/ReducedWeChat
  - YYModel (~> 1.0.4)

SPEC REPOS:
  https://github.com/cocoapods/specs.git:
    - AFNetworking
    - AliyunOSSiOS
    - AMap2DMap-NO-IDFA
    - AMapFoundation-NO-IDFA
    - AMapLocation-NO-IDFA
    - AMapSearch-NO-IDFA
    - Bugly
    - FLAnimatedImage
    - IQKeyboardManager
    - JCore
    - JPush
    - JSONKit-NoWarning
    - Masonry
    - MJExtension
    - MJRefresh
    - PGDatePicker
    - PGPickerView
    - Reachability
    - ReactiveObjC
    - RongCloudIM
    - SDCycleScrollView
    - SDWebImage
    - SVProgressHUD
    - UMCAnalytics
    - UMCCommon
    - UMCShare
    - YYModel

SPEC CHECKSUMS:
  AFNetworking: b6f891fdfaed196b46c7a83cf209e09697b94057
  AliyunOSSiOS: 602b6a4e70e62a5f0a6431c20496343141d7e66f
  AMap2DMap-NO-IDFA: ccecb3e2a044c17e6badb9b91c950e709368be20
  AMapFoundation-NO-IDFA: 9088085827c831811bb0fd3afd96b99963a7cf71
  AMapLocation-NO-IDFA: d7792c8c516f415e186f1bc25946f1a58ca6a583
  AMapSearch-NO-IDFA: 264999e6c149383a8f164c2fe49b51513e93d674
  Bugly: 3ca9f255c01025582df26f9222893b383c7e4b4e
  FLAnimatedImage: 4a0b56255d9b05f18b6dd7ee06871be5d3b89e31
  IQKeyboardManager: fcef267266379c003181fc3592f6bdb8bf4db839
  JCore: 4072327557f0b83cc22dd4041f2f839740c0077b
  JPush: a1ff8b8ec53fa3419b414946e4db4efa313baeae
  JSONKit-NoWarning: 3d27e6f9e6846ecf741e8c64dcadd7d5aa7193cb
  Masonry: 678fab65091a9290e40e2832a55e7ab731aad201
  MJExtension: 6b69b3bef2864fd550ce1a184eda219e321209d2
  MJRefresh: ee5b68f639775462faba4db0fd243baf4d42c2cf
  PGDatePicker: 88960f3760edac96219c10320f25536ad31d0f44
  PGPickerView: 037acfb132a4c8054fb43aaa59a5ff50c7f747f5
  Reachability: 33e18b67625424e47b6cde6d202dce689ad7af96
  ReactiveObjC: 011caa393aa0383245f2dcf9bf02e86b80b36040
  RongCloudIM: 48bfc2fcb8d7cae8ce1e19cb5fb26d6d90616375
  SDCycleScrollView: b3c9a5ed840c771c4938978174c7c9d9feefeb96
  SDWebImage: 920f1a2ff1ca8296ad34f6e0510a1ef1d70ac965
  SVProgressHUD: 1428aafac632c1f86f62aa4243ec12008d7a51d6
  UMCAnalytics: 045be2cd1ec05aa95ad62405a850757f932e2d59
  UMCCommon: c9637200488c482b30cdebebb0bd595b9adf0847
  UMCShare: e0cef55c0fd6051254c8cda1d0630eb578b27bad
  YYModel: 2a7fdd96aaa4b86a824e26d0c517de8928c04b30

PODFILE CHECKSUM: d5f7bec88b287ecb42e1bf6ebe550dac57a10a87

COCOAPODS: 1.7.2
